[[package]]
category = "main"
description = "Asyncio support for PEP-567 contextvars backport."
marker = "python_version < \"3.7\""
name = "aiocontextvars"
optional = false
python-versions = ">=3.5"
version = "0.2.2"

[package.dependencies]
[package.dependencies.contextvars]
python = "<3.7"
version = "2.4"

[package.source]
reference = "tsinghua"
type = "legacy"
url = "https://pypi.tuna.tsinghua.edu.cn/simple"

[[package]]
category = "main"
description = "Allure pytest integration"
name = "allure-pytest"
optional = false
python-versions = "*"
version = "2.8.29"

[package.dependencies]
allure-python-commons = "2.8.29"
pytest = ">=4.5.0"
six = ">=1.9.0"

[package.source]
reference = "tsinghua"
type = "legacy"
url = "https://pypi.tuna.tsinghua.edu.cn/simple"

[[package]]
category = "main"
description = "Common module for integrate allure with python-based frameworks"
name = "allure-python-commons"
optional = false
python-versions = "*"
version = "2.8.29"

[package.dependencies]
attrs = ">=16.0.0"
pluggy = ">=0.4.0"
six = ">=1.9.0"

[package.source]
reference = "tsinghua"
type = "legacy"
url = "https://pypi.tuna.tsinghua.edu.cn/simple"

[[package]]
category = "main"
description = "Atomic file writes."
marker = "sys_platform == \"win32\""
name = "atomicwrites"
optional = false
python-versions = ">=2.7, !=3.0.*, !=3.1.*, !=3.2.*, !=3.3.*"
version = "1.4.0"

[package.source]
reference = "tsinghua"
type = "legacy"
url = "https://pypi.tuna.tsinghua.edu.cn/simple"

[[package]]
category = "main"
description = "Classes Without Boilerplate"
name = "attrs"
optional = false
python-versions = ">=2.7, !=3.0.*, !=3.1.*, !=3.2.*, !=3.3.*"
version = "20.3.0"

[package.extras]
dev = ["coverage (>=5.0.2)", "hypothesis", "pympler", "pytest (>=4.3.0)", "six", "zope.interface", "furo", "sphinx", "pre-commit"]
docs = ["furo", "sphinx", "zope.interface"]
tests = ["coverage (>=5.0.2)", "hypothesis", "pympler", "pytest (>=4.3.0)", "six", "zope.interface"]
tests_no_zope = ["coverage (>=5.0.2)", "hypothesis", "pympler", "pytest (>=4.3.0)", "six"]

[package.source]
reference = "tsinghua"
type = "legacy"
url = "https://pypi.tuna.tsinghua.edu.cn/simple"

[[package]]
category = "main"
description = "Python package for providing Mozilla's CA Bundle."
name = "certifi"
optional = false
python-versions = "*"
version = "2020.12.5"

[package.source]
reference = "tsinghua"
type = "legacy"
url = "https://pypi.tuna.tsinghua.edu.cn/simple"

[[package]]
category = "main"
description = "Universal encoding detector for Python 2 and 3"
name = "chardet"
optional = false
python-versions = ">=2.7, !=3.0.*, !=3.1.*, !=3.2.*, !=3.3.*, !=3.4.*"
version = "4.0.0"

[package.source]
reference = "tsinghua"
type = "legacy"
url = "https://pypi.tuna.tsinghua.edu.cn/simple"

[[package]]
category = "main"
description = "Cross-platform colored terminal text."
marker = "sys_platform == \"win32\""
name = "colorama"
optional = false
python-versions = ">=2.7, !=3.0.*, !=3.1.*, !=3.2.*, !=3.3.*, !=3.4.*"
version = "0.4.4"

[package.source]
reference = "tsinghua"
type = "legacy"
url = "https://pypi.tuna.tsinghua.edu.cn/simple"

[[package]]
category = "main"
description = "PEP 567 Backport"
marker = "python_version < \"3.7\""
name = "contextvars"
optional = false
python-versions = "*"
version = "2.4"

[package.dependencies]
immutables = ">=0.9"

[package.source]
reference = "tsinghua"
type = "legacy"
url = "https://pypi.tuna.tsinghua.edu.cn/simple"

[[package]]
category = "main"
description = "Faker is a Python package that generates fake data for you."
name = "faker"
optional = false
python-versions = ">=3.5"
version = "4.18.0"

[package.dependencies]
python-dateutil = ">=2.4"
text-unidecode = "1.3"

[package.source]
reference = "tsinghua"
type = "legacy"
url = "https://pypi.tuna.tsinghua.edu.cn/simple"

[[package]]
category = "main"
description = "Internationalized Domain Names in Applications (IDNA)"
name = "idna"
optional = false
python-versions = ">=2.7, !=3.0.*, !=3.1.*, !=3.2.*, !=3.3.*"
version = "2.10"

[package.source]
reference = "tsinghua"
type = "legacy"
url = "https://pypi.tuna.tsinghua.edu.cn/simple"

[[package]]
category = "main"
description = "Immutable Collections"
marker = "python_version < \"3.7\""
name = "immutables"
optional = false
python-versions = ">=3.5"
version = "0.14"

[package.source]
reference = "tsinghua"
type = "legacy"
url = "https://pypi.tuna.tsinghua.edu.cn/simple"

[[package]]
category = "main"
description = "Read metadata from Python packages"
marker = "python_version < \"3.8\""
name = "importlib-metadata"
optional = false
python-versions = ">=3.6"
version = "3.3.0"

[package.dependencies]
zipp = ">=0.5"

[package.dependencies.typing-extensions]
python = "<3.8"
version = ">=3.6.4"

[package.extras]
docs = ["sphinx", "jaraco.packaging (>=3.2)", "rst.linker (>=1.9)"]
testing = ["pytest (>=3.5,<3.7.3 || >3.7.3)", "pytest-checkdocs (>=1.2.3)", "pytest-flake8", "pytest-cov", "jaraco.test (>=3.2.0)", "packaging", "pep517", "pyfakefs", "flufl.flake8", "pytest-black (>=0.3.7)", "pytest-mypy", "importlib-resources (>=1.3)"]

[package.source]
reference = "tsinghua"
type = "legacy"
url = "https://pypi.tuna.tsinghua.edu.cn/simple"

[[package]]
category = "main"
description = "JSON Matching Expressions"
name = "jmespath"
optional = false
python-versions = ">=2.6, !=3.0.*, !=3.1.*, !=3.2.*"
version = "0.10.0"

[package.source]
reference = "tsinghua"
type = "legacy"
url = "https://pypi.tuna.tsinghua.edu.cn/simple"

[[package]]
category = "main"
description = "Python logging made (stupidly) simple"
name = "loguru"
optional = false
python-versions = ">=3.5"
version = "0.5.3"

[package.dependencies]
colorama = ">=0.3.4"
win32-setctime = ">=1.0.0"

[package.dependencies.aiocontextvars]
python = "<3.7"
version = ">=0.2.0"

[package.extras]
dev = ["codecov (>=2.0.15)", "colorama (>=0.3.4)", "flake8 (>=3.7.7)", "tox (>=3.9.0)", "tox-travis (>=0.12)", "pytest (>=4.6.2)", "pytest-cov (>=2.7.1)", "Sphinx (>=2.2.1)", "sphinx-autobuild (>=0.7.1)", "sphinx-rtd-theme (>=0.4.3)", "black (>=19.10b0)", "isort (>=5.1.1)"]

[package.source]
reference = "tsinghua"
type = "legacy"
url = "https://pypi.tuna.tsinghua.edu.cn/simple"

[[package]]
category = "main"
description = "More routines for operating on iterables, beyond itertools"
name = "more-itertools"
optional = false
python-versions = ">=3.5"
version = "8.6.0"

[package.source]
reference = "tsinghua"
type = "legacy"
url = "https://pypi.tuna.tsinghua.edu.cn/simple"

[[package]]
category = "main"
description = "NumPy is the fundamental package for array computing with Python."
name = "numpy"
optional = false
python-versions = ">=3.6"
version = "1.19.4"

[package.source]
reference = "tsinghua"
type = "legacy"
url = "https://pypi.tuna.tsinghua.edu.cn/simple"

[[package]]
category = "main"
description = "Core utilities for Python packages"
name = "packaging"
optional = false
python-versions = ">=2.7, !=3.0.*, !=3.1.*, !=3.2.*, !=3.3.*"
version = "20.8"

[package.dependencies]
pyparsing = ">=2.0.2"

[package.source]
reference = "tsinghua"
type = "legacy"
url = "https://pypi.tuna.tsinghua.edu.cn/simple"

[[package]]
category = "main"
description = "Powerful data structures for data analysis, time series, and statistics"
name = "pandas"
optional = false
python-versions = ">=3.6.1"
version = "1.1.5"

[package.dependencies]
numpy = ">=1.15.4"
python-dateutil = ">=2.7.3"
pytz = ">=2017.2"

[package.extras]
test = ["pytest (>=4.0.2)", "pytest-xdist", "hypothesis (>=3.58)"]

[package.source]
reference = "tsinghua"
type = "legacy"
url = "https://pypi.tuna.tsinghua.edu.cn/simple"

[[package]]
category = "main"
description = "plugin and hook calling mechanisms for python"
name = "pluggy"
optional = false
python-versions = ">=2.7, !=3.0.*, !=3.1.*, !=3.2.*, !=3.3.*"
version = "0.13.1"

[package.dependencies]
[package.dependencies.importlib-metadata]
python = "<3.8"
version = ">=0.12"

[package.extras]
dev = ["pre-commit", "tox"]

[package.source]
reference = "tsinghua"
type = "legacy"
url = "https://pypi.tuna.tsinghua.edu.cn/simple"

[[package]]
category = "main"
description = "library with cross-python path, ini-parsing, io, code, log facilities"
name = "py"
optional = false
python-versions = ">=2.7, !=3.0.*, !=3.1.*, !=3.2.*, !=3.3.*"
version = "1.10.0"

[package.source]
reference = "tsinghua"
type = "legacy"
url = "https://pypi.tuna.tsinghua.edu.cn/simple"

[[package]]
category = "main"
description = "Pure Python MySQL Driver"
name = "pymysql"
optional = false
python-versions = "*"
version = "0.10.1"

[package.extras]
ed25519 = ["PyNaCl (>=1.4.0)"]
rsa = ["cryptography"]

[package.source]
reference = "tsinghua"
type = "legacy"
url = "https://pypi.tuna.tsinghua.edu.cn/simple"

[[package]]
category = "main"
description = "Python parsing module"
name = "pyparsing"
optional = false
python-versions = ">=2.6, !=3.0.*, !=3.1.*, !=3.2.*"
version = "2.4.7"

[package.source]
reference = "tsinghua"
type = "legacy"
url = "https://pypi.tuna.tsinghua.edu.cn/simple"

[[package]]
category = "main"
description = "pytest: simple powerful testing with Python"
name = "pytest"
optional = false
python-versions = ">=3.5"
version = "5.4.3"

[package.dependencies]
atomicwrites = ">=1.0"
attrs = ">=17.4.0"
colorama = "*"
more-itertools = ">=4.0.0"
packaging = "*"
pluggy = ">=0.12,<1.0"
py = ">=1.5.0"
wcwidth = "*"

[package.dependencies.importlib-metadata]
python = "<3.8"
version = ">=0.12"

[package.extras]
checkqa-mypy = ["mypy (v0.761)"]
testing = ["argcomplete", "hypothesis (>=3.56)", "mock", "nose", "requests", "xmlschema"]

[package.source]
reference = "tsinghua"
type = "legacy"
url = "https://pypi.tuna.tsinghua.edu.cn/simple"

[[package]]
category = "main"
description = "Extensions to the standard Python datetime module"
name = "python-dateutil"
optional = false
python-versions = "!=3.0.*,!=3.1.*,!=3.2.*,>=2.7"
version = "2.8.1"

[package.dependencies]
six = ">=1.5"

[package.source]
reference = "tsinghua"
type = "legacy"
url = "https://pypi.tuna.tsinghua.edu.cn/simple"

[[package]]
category = "main"
description = "World timezone definitions, modern and historical"
name = "pytz"
optional = false
python-versions = "*"
version = "2020.4"

[package.source]
reference = "tsinghua"
type = "legacy"
url = "https://pypi.tuna.tsinghua.edu.cn/simple"

[[package]]
category = "main"
description = "YAML parser and emitter for Python"
name = "pyyaml"
optional = false
python-versions = ">=2.7, !=3.0.*, !=3.1.*, !=3.2.*, !=3.3.*, !=3.4.*"
version = "5.3.1"

[package.source]
reference = "tsinghua"
type = "legacy"
url = "https://pypi.tuna.tsinghua.edu.cn/simple"

[[package]]
category = "main"
description = "Python HTTP for Humans."
name = "requests"
optional = false
python-versions = ">=2.7, !=3.0.*, !=3.1.*, !=3.2.*, !=3.3.*, !=3.4.*"
version = "2.25.1"

[package.dependencies]
certifi = ">=2017.4.17"
chardet = ">=3.0.2,<5"
idna = ">=2.5,<3"
urllib3 = ">=1.21.1,<1.27"

[package.extras]
security = ["pyOpenSSL (>=0.14)", "cryptography (>=1.3.4)"]
socks = ["PySocks (>=1.5.6,<1.5.7 || >1.5.7)", "win-inet-pton"]

[package.source]
reference = "tsinghua"
type = "legacy"
url = "https://pypi.tuna.tsinghua.edu.cn/simple"

[[package]]
category = "main"
description = "Python 2 and 3 compatibility utilities"
name = "six"
optional = false
python-versions = ">=2.7, !=3.0.*, !=3.1.*, !=3.2.*"
version = "1.15.0"

[package.source]
reference = "tsinghua"
type = "legacy"
url = "https://pypi.tuna.tsinghua.edu.cn/simple"

[[package]]
category = "main"
description = "Database Abstraction Library"
name = "sqlalchemy"
optional = false
python-versions = ">=2.7, !=3.0.*, !=3.1.*, !=3.2.*, !=3.3.*"
version = "1.3.22"

[package.extras]
mssql = ["pyodbc"]
mssql_pymssql = ["pymssql"]
mssql_pyodbc = ["pyodbc"]
mysql = ["mysqlclient"]
oracle = ["cx-oracle"]
postgresql = ["psycopg2"]
postgresql_pg8000 = ["pg8000"]
postgresql_psycopg2binary = ["psycopg2-binary"]
postgresql_psycopg2cffi = ["psycopg2cffi"]
pymysql = ["pymysql"]

[package.source]
reference = "tsinghua"
type = "legacy"
url = "https://pypi.tuna.tsinghua.edu.cn/simple"

[[package]]
category = "main"
description = "The most basic Text::Unidecode port"
name = "text-unidecode"
optional = false
python-versions = "*"
version = "1.3"

[package.source]
reference = "tsinghua"
type = "legacy"
url = "https://pypi.tuna.tsinghua.edu.cn/simple"

[[package]]
category = "main"
description = "module for creating simple ASCII tables"
name = "texttable"
optional = false
python-versions = "*"
version = "1.6.3"

[package.source]
reference = "tsinghua"
type = "legacy"
url = "https://pypi.tuna.tsinghua.edu.cn/simple"

[[package]]
category = "main"
description = "Backported and Experimental Type Hints for Python 3.5+"
marker = "python_version < \"3.8\""
name = "typing-extensions"
optional = false
python-versions = "*"
version = "3.7.4.3"

[package.source]
reference = "tsinghua"
type = "legacy"
url = "https://pypi.tuna.tsinghua.edu.cn/simple"

[[package]]
category = "main"
description = "HTTP library with thread-safe connection pooling, file post, and more."
name = "urllib3"
optional = false
python-versions = ">=2.7, !=3.0.*, !=3.1.*, !=3.2.*, !=3.3.*, !=3.4.*, <4"
version = "1.26.2"

[package.extras]
brotli = ["brotlipy (>=0.6.0)"]
secure = ["pyOpenSSL (>=0.14)", "cryptography (>=1.3.4)", "idna (>=2.0.0)", "certifi", "ipaddress"]
socks = ["PySocks (>=1.5.6,<1.5.7 || >1.5.7,<2.0)"]

[package.source]
reference = "tsinghua"
type = "legacy"
url = "https://pypi.tuna.tsinghua.edu.cn/simple"

[[package]]
category = "main"
description = "Measures the displayed width of unicode strings in a terminal"
name = "wcwidth"
optional = false
python-versions = "*"
version = "0.2.5"

[package.source]
reference = "tsinghua"
type = "legacy"
url = "https://pypi.tuna.tsinghua.edu.cn/simple"

[[package]]
category = "dev"
description = "pure python download utility"
name = "wget"
optional = false
python-versions = "*"
version = "3.2"

[package.source]
reference = "tsinghua"
type = "legacy"
url = "https://pypi.tuna.tsinghua.edu.cn/simple"

[[package]]
category = "main"
description = "A small Python utility to set file creation time on Windows"
marker = "sys_platform == \"win32\""
name = "win32-setctime"
optional = false
python-versions = ">=3.5"
version = "1.0.3"

[package.extras]
dev = ["pytest (>=4.6.2)", "black (>=19.3b0)"]

[package.source]
reference = "tsinghua"
type = "legacy"
url = "https://pypi.tuna.tsinghua.edu.cn/simple"

[[package]]
category = "main"
description = "Backport of pathlib-compatible object wrapper for zip files"
marker = "python_version < \"3.8\""
name = "zipp"
optional = false
python-versions = ">=3.6"
version = "3.4.0"

[package.extras]
docs = ["sphinx", "jaraco.packaging (>=3.2)", "rst.linker (>=1.9)"]
testing = ["pytest (>=3.5,<3.7.3 || >3.7.3)", "pytest-checkdocs (>=1.2.3)", "pytest-flake8", "pytest-cov", "jaraco.test (>=3.2.0)", "jaraco.itertools", "func-timeout", "pytest-black (>=0.3.7)", "pytest-mypy"]

[package.source]
reference = "tsinghua"
type = "legacy"
url = "https://pypi.tuna.tsinghua.edu.cn/simple"

[metadata]
content-hash = "412afbf7fb55054733efbd83744fbcc72de0618e858706243cfa4f6ba92290c6"
python-versions = "^3.6.1"

[metadata.files]
aiocontextvars = [
    {file = "aiocontextvars-0.2.2-py2.py3-none-any.whl", hash = "sha256:885daf8261818767d8f7cbd79f9d4482d118f024b6586ef6e67980236a27bfa3"},
    {file = "aiocontextvars-0.2.2.tar.gz", hash = "sha256:f027372dc48641f683c559f247bd84962becaacdc9ba711d583c3871fb5652aa"},
]
allure-pytest = [
    {file = "allure-pytest-2.8.29.tar.gz", hash = "sha256:d37d235cd7c305e697fc90bd93f022f221d13c5a6184c1dec19f8f637092ad16"},
    {file = "allure_pytest-2.8.29-py3-none-any.whl", hash = "sha256:eb021f8610f55b2349a71e8b7d4dffcf08ddd363d44ac08482b628bc09bea5e9"},
]
allure-python-commons = [
    {file = "allure-python-commons-2.8.29.tar.gz", hash = "sha256:b74c03e793bd4628d8c7644e49737c6ebdc1d883692da34d7547d1ef7ee7c863"},
    {file = "allure_python_commons-2.8.29-py3-none-any.whl", hash = "sha256:e9831bd01f25049a54cf47d7c17ad4b65506d5a35d70571cfaf8c4aa82a30f90"},
]
atomicwrites = [
    {file = "atomicwrites-1.4.0-py2.py3-none-any.whl", hash = "sha256:6d1784dea7c0c8d4a5172b6c620f40b6e4cbfdf96d783691f2e1302a7b88e197"},
    {file = "atomicwrites-1.4.0.tar.gz", hash = "sha256:ae70396ad1a434f9c7046fd2dd196fc04b12f9e91ffb859164193be8b6168a7a"},
]
attrs = [
    {file = "attrs-20.3.0-py2.py3-none-any.whl", hash = "sha256:31b2eced602aa8423c2aea9c76a724617ed67cf9513173fd3a4f03e3a929c7e6"},
    {file = "attrs-20.3.0.tar.gz", hash = "sha256:832aa3cde19744e49938b91fea06d69ecb9e649c93ba974535d08ad92164f700"},
]
certifi = [
    {file = "certifi-2020.12.5-py2.py3-none-any.whl", hash = "sha256:719a74fb9e33b9bd44cc7f3a8d94bc35e4049deebe19ba7d8e108280cfd59830"},
    {file = "certifi-2020.12.5.tar.gz", hash = "sha256:1a4995114262bffbc2413b159f2a1a480c969de6e6eb13ee966d470af86af59c"},
]
chardet = [
    {file = "chardet-4.0.0-py2.py3-none-any.whl", hash = "sha256:f864054d66fd9118f2e67044ac8981a54775ec5b67aed0441892edb553d21da5"},
    {file = "chardet-4.0.0.tar.gz", hash = "sha256:0d6f53a15db4120f2b08c94f11e7d93d2c911ee118b6b30a04ec3ee8310179fa"},
]
colorama = [
    {file = "colorama-0.4.4-py2.py3-none-any.whl", hash = "sha256:9f47eda37229f68eee03b24b9748937c7dc3868f906e8ba69fbcbdd3bc5dc3e2"},
    {file = "colorama-0.4.4.tar.gz", hash = "sha256:5941b2b48a20143d2267e95b1c2a7603ce057ee39fd88e7329b0c292aa16869b"},
]
contextvars = [
    {file = "contextvars-2.4.tar.gz", hash = "sha256:f38c908aaa59c14335eeea12abea5f443646216c4e29380d7bf34d2018e2c39e"},
]
faker = [
    {file = "Faker-4.18.0-py3-none-any.whl", hash = "sha256:2ba20a4438429cb08d729175d7bb0435ef3c2c4cedc7b1ceb703ee6da8dad906"},
    {file = "Faker-4.18.0.tar.gz", hash = "sha256:6279746aed175a693108238e6d1ab8d7e26d0ec7ff8474f61025b9fdaae15d65"},
]
idna = [
    {file = "idna-2.10-py2.py3-none-any.whl", hash = "sha256:b97d804b1e9b523befed77c48dacec60e6dcb0b5391d57af6a65a312a90648c0"},
    {file = "idna-2.10.tar.gz", hash = "sha256:b307872f855b18632ce0c21c5e45be78c0ea7ae4c15c828c20788b26921eb3f6"},
]
immutables = [
    {file = "immutables-0.14-cp35-cp35m-macosx_10_14_x86_64.whl", hash = "sha256:860666fab142401a5535bf65cbd607b46bc5ed25b9d1eb053ca8ed9a1a1a80d6"},
    {file = "immutables-0.14-cp35-cp35m-manylinux1_x86_64.whl", hash = "sha256:ce01788878827c3f0331c254a4ad8d9721489a5e65cc43e19c80040b46e0d297"},
    {file = "immutables-0.14-cp36-cp36m-macosx_10_14_x86_64.whl", hash = "sha256:8797eed4042f4626b0bc04d9cf134208918eb0c937a8193a2c66df5041e62d2e"},
    {file = "immutables-0.14-cp36-cp36m-manylinux1_x86_64.whl", hash = "sha256:33ce2f977da7b5e0dddd93744862404bdb316ffe5853ec853e53141508fa2e6a"},
    {file = "immutables-0.14-cp36-cp36m-win_amd64.whl", hash = "sha256:6c8eace4d98988c72bcb37c05e79aae756832738305ae9497670482a82db08bc"},
    {file = "immutables-0.14-cp37-cp37m-macosx_10_14_x86_64.whl", hash = "sha256:ab6c18b7b2b2abc83e0edc57b0a38bf0915b271582a1eb8c7bed1c20398f8040"},
    {file = "immutables-0.14-cp37-cp37m-manylinux1_x86_64.whl", hash = "sha256:c099212fd6504513a50e7369fe281007c820cf9d7bb22a336486c63d77d6f0b2"},
    {file = "immutables-0.14-cp37-cp37m-win_amd64.whl", hash = "sha256:714aedbdeba4439d91cb5e5735cb10631fc47a7a69ea9cc8ecbac90322d50a4a"},
    {file = "immutables-0.14-cp38-cp38-macosx_10_14_x86_64.whl", hash = "sha256:1c11050c49e193a1ec9dda1747285333f6ba6a30bbeb2929000b9b1192097ec0"},
    {file = "immutables-0.14-cp38-cp38-manylinux1_x86_64.whl", hash = "sha256:c453e12b95e1d6bb4909e8743f88b7f5c0c97b86a8bc0d73507091cb644e3c1e"},
    {file = "immutables-0.14-cp38-cp38-win_amd64.whl", hash = "sha256:ef9da20ec0f1c5853b5c8f8e3d9e1e15b8d98c259de4b7515d789a606af8745e"},
    {file = "immutables-0.14.tar.gz", hash = "sha256:a0a1cc238b678455145bae291d8426f732f5255537ed6a5b7645949704c70a78"},
]
importlib-metadata = [
    {file = "importlib_metadata-3.3.0-py3-none-any.whl", hash = "sha256:bf792d480abbd5eda85794e4afb09dd538393f7d6e6ffef6e9f03d2014cf9450"},
    {file = "importlib_metadata-3.3.0.tar.gz", hash = "sha256:5c5a2720817414a6c41f0a49993908068243ae02c1635a228126519b509c8aed"},
]
jmespath = [
    {file = "jmespath-0.10.0-py2.py3-none-any.whl", hash = "sha256:cdf6525904cc597730141d61b36f2e4b8ecc257c420fa2f4549bac2c2d0cb72f"},
    {file = "jmespath-0.10.0.tar.gz", hash = "sha256:b85d0567b8666149a93172712e68920734333c0ce7e89b78b3e987f71e5ed4f9"},
]
loguru = [
    {file = "loguru-0.5.3-py3-none-any.whl", hash = "sha256:f8087ac396b5ee5f67c963b495d615ebbceac2796379599820e324419d53667c"},
    {file = "loguru-0.5.3.tar.gz", hash = "sha256:b28e72ac7a98be3d28ad28570299a393dfcd32e5e3f6a353dec94675767b6319"},
]
more-itertools = [
    {file = "more-itertools-8.6.0.tar.gz", hash = "sha256:b3a9005928e5bed54076e6e549c792b306fddfe72b2d1d22dd63d42d5d3899cf"},
    {file = "more_itertools-8.6.0-py3-none-any.whl", hash = "sha256:8e1a2a43b2f2727425f2b5839587ae37093f19153dc26c0927d1048ff6557330"},
]
numpy = [
    {file = "numpy-1.19.4-cp36-cp36m-macosx_10_9_x86_64.whl", hash = "sha256:e9b30d4bd69498fc0c3fe9db5f62fffbb06b8eb9321f92cc970f2969be5e3949"},
    {file = "numpy-1.19.4-cp36-cp36m-manylinux1_i686.whl", hash = "sha256:fedbd128668ead37f33917820b704784aff695e0019309ad446a6d0b065b57e4"},
    {file = "numpy-1.19.4-cp36-cp36m-manylinux1_x86_64.whl", hash = "sha256:8ece138c3a16db8c1ad38f52eb32be6086cc72f403150a79336eb2045723a1ad"},
    {file = "numpy-1.19.4-cp36-cp36m-manylinux2010_i686.whl", hash = "sha256:64324f64f90a9e4ef732be0928be853eee378fd6a01be21a0a8469c4f2682c83"},
    {file = "numpy-1.19.4-cp36-cp36m-manylinux2010_x86_64.whl", hash = "sha256:ad6f2ff5b1989a4899bf89800a671d71b1612e5ff40866d1f4d8bcf48d4e5764"},
    {file = "numpy-1.19.4-cp36-cp36m-manylinux2014_aarch64.whl", hash = "sha256:d6c7bb82883680e168b55b49c70af29b84b84abb161cbac2800e8fcb6f2109b6"},
    {file = "numpy-1.19.4-cp36-cp36m-win32.whl", hash = "sha256:13d166f77d6dc02c0a73c1101dd87fdf01339febec1030bd810dcd53fff3b0f1"},
    {file = "numpy-1.19.4-cp36-cp36m-win_amd64.whl", hash = "sha256:448ebb1b3bf64c0267d6b09a7cba26b5ae61b6d2dbabff7c91b660c7eccf2bdb"},
    {file = "numpy-1.19.4-cp37-cp37m-macosx_10_9_x86_64.whl", hash = "sha256:27d3f3b9e3406579a8af3a9f262f5339005dd25e0ecf3cf1559ff8a49ed5cbf2"},
    {file = "numpy-1.19.4-cp37-cp37m-manylinux1_i686.whl", hash = "sha256:16c1b388cc31a9baa06d91a19366fb99ddbe1c7b205293ed072211ee5bac1ed2"},
    {file = "numpy-1.19.4-cp37-cp37m-manylinux1_x86_64.whl", hash = "sha256:e5b6ed0f0b42317050c88022349d994fe72bfe35f5908617512cd8c8ef9da2a9"},
    {file = "numpy-1.19.4-cp37-cp37m-manylinux2010_i686.whl", hash = "sha256:18bed2bcb39e3f758296584337966e68d2d5ba6aab7e038688ad53c8f889f757"},
    {file = "numpy-1.19.4-cp37-cp37m-manylinux2010_x86_64.whl", hash = "sha256:fe45becb4c2f72a0907c1d0246ea6449fe7a9e2293bb0e11c4e9a32bb0930a15"},
    {file = "numpy-1.19.4-cp37-cp37m-manylinux2014_aarch64.whl", hash = "sha256:6d7593a705d662be5bfe24111af14763016765f43cb6923ed86223f965f52387"},
    {file = "numpy-1.19.4-cp37-cp37m-win32.whl", hash = "sha256:6ae6c680f3ebf1cf7ad1d7748868b39d9f900836df774c453c11c5440bc15b36"},
    {file = "numpy-1.19.4-cp37-cp37m-win_amd64.whl", hash = "sha256:9eeb7d1d04b117ac0d38719915ae169aa6b61fca227b0b7d198d43728f0c879c"},
    {file = "numpy-1.19.4-cp38-cp38-macosx_10_9_x86_64.whl", hash = "sha256:cb1017eec5257e9ac6209ac172058c430e834d5d2bc21961dceeb79d111e5909"},
    {file = "numpy-1.19.4-cp38-cp38-manylinux1_i686.whl", hash = "sha256:edb01671b3caae1ca00881686003d16c2209e07b7ef8b7639f1867852b948f7c"},
    {file = "numpy-1.19.4-cp38-cp38-manylinux1_x86_64.whl", hash = "sha256:f29454410db6ef8126c83bd3c968d143304633d45dc57b51252afbd79d700893"},
    {file = "numpy-1.19.4-cp38-cp38-manylinux2010_i686.whl", hash = "sha256:ec149b90019852266fec2341ce1db513b843e496d5a8e8cdb5ced1923a92faab"},
    {file = "numpy-1.19.4-cp38-cp38-manylinux2010_x86_64.whl", hash = "sha256:1aeef46a13e51931c0b1cf8ae1168b4a55ecd282e6688fdb0a948cc5a1d5afb9"},
    {file = "numpy-1.19.4-cp38-cp38-manylinux2014_aarch64.whl", hash = "sha256:08308c38e44cc926bdfce99498b21eec1f848d24c302519e64203a8da99a97db"},
    {file = "numpy-1.19.4-cp38-cp38-win32.whl", hash = "sha256:5734bdc0342aba9dfc6f04920988140fb41234db42381cf7ccba64169f9fe7ac"},
    {file = "numpy-1.19.4-cp38-cp38-win_amd64.whl", hash = "sha256:09c12096d843b90eafd01ea1b3307e78ddd47a55855ad402b157b6c4862197ce"},
    {file = "numpy-1.19.4-cp39-cp39-macosx_10_9_x86_64.whl", hash = "sha256:e452dc66e08a4ce642a961f134814258a082832c78c90351b75c41ad16f79f63"},
    {file = "numpy-1.19.4-cp39-cp39-manylinux1_i686.whl", hash = "sha256:a5d897c14513590a85774180be713f692df6fa8ecf6483e561a6d47309566f37"},
    {file = "numpy-1.19.4-cp39-cp39-manylinux1_x86_64.whl", hash = "sha256:a09f98011236a419ee3f49cedc9ef27d7a1651df07810ae430a6b06576e0b414"},
    {file = "numpy-1.19.4-cp39-cp39-manylinux2010_i686.whl", hash = "sha256:50e86c076611212ca62e5a59f518edafe0c0730f7d9195fec718da1a5c2bb1fc"},
    {file = "numpy-1.19.4-cp39-cp39-manylinux2010_x86_64.whl", hash = "sha256:f0d3929fe88ee1c155129ecd82f981b8856c5d97bcb0d5f23e9b4242e79d1de3"},
    {file = "numpy-1.19.4-cp39-cp39-manylinux2014_aarch64.whl", hash = "sha256:c42c4b73121caf0ed6cd795512c9c09c52a7287b04d105d112068c1736d7c753"},
    {file = "numpy-1.19.4-cp39-cp39-win32.whl", hash = "sha256:8cac8790a6b1ddf88640a9267ee67b1aee7a57dfa2d2dd33999d080bc8ee3a0f"},
    {file = "numpy-1.19.4-cp39-cp39-win_amd64.whl", hash = "sha256:4377e10b874e653fe96985c05feed2225c912e328c8a26541f7fc600fb9c637b"},
    {file = "numpy-1.19.4-pp36-pypy36_pp73-manylinux2010_x86_64.whl", hash = "sha256:2a2740aa9733d2e5b2dfb33639d98a64c3b0f24765fed86b0fd2aec07f6a0a08"},
    {file = "numpy-1.19.4.zip", hash = "sha256:141ec3a3300ab89c7f2b0775289954d193cc8edb621ea05f99db9cb181530512"},
]
packaging = [
    {file = "packaging-20.8-py2.py3-none-any.whl", hash = "sha256:24e0da08660a87484d1602c30bb4902d74816b6985b93de36926f5bc95741858"},
    {file = "packaging-20.8.tar.gz", hash = "sha256:78598185a7008a470d64526a8059de9aaa449238f280fc9eb6b13ba6c4109093"},
]
pandas = [
    {file = "pandas-1.1.5-cp36-cp36m-macosx_10_9_x86_64.whl", hash = "sha256:bf23a3b54d128b50f4f9d4675b3c1857a688cc6731a32f931837d72effb2698d"},
    {file = "pandas-1.1.5-cp36-cp36m-manylinux1_i686.whl", hash = "sha256:5a780260afc88268a9d3ac3511d8f494fdcf637eece62fb9eb656a63d53eb7ca"},
    {file = "pandas-1.1.5-cp36-cp36m-manylinux1_x86_64.whl", hash = "sha256:b61080750d19a0122469ab59b087380721d6b72a4e7d962e4d7e63e0c4504814"},
    {file = "pandas-1.1.5-cp36-cp36m-manylinux2014_aarch64.whl", hash = "sha256:0de3ddb414d30798cbf56e642d82cac30a80223ad6fe484d66c0ce01a84d6f2f"},
    {file = "pandas-1.1.5-cp36-cp36m-win32.whl", hash = "sha256:70865f96bb38fec46f7ebd66d4b5cfd0aa6b842073f298d621385ae3898d28b5"},
    {file = "pandas-1.1.5-cp36-cp36m-win_amd64.whl", hash = "sha256:19a2148a1d02791352e9fa637899a78e371a3516ac6da5c4edc718f60cbae648"},
    {file = "pandas-1.1.5-cp37-cp37m-macosx_10_9_x86_64.whl", hash = "sha256:26fa92d3ac743a149a31b21d6f4337b0594b6302ea5575b37af9ca9611e8981a"},
    {file = "pandas-1.1.5-cp37-cp37m-manylinux1_i686.whl", hash = "sha256:c16d59c15d946111d2716856dd5479221c9e4f2f5c7bc2d617f39d870031e086"},
    {file = "pandas-1.1.5-cp37-cp37m-manylinux1_x86_64.whl", hash = "sha256:3be7a7a0ca71a2640e81d9276f526bca63505850add10206d0da2e8a0a325dae"},
    {file = "pandas-1.1.5-cp37-cp37m-manylinux2014_aarch64.whl", hash = "sha256:573fba5b05bf2c69271a32e52399c8de599e4a15ab7cec47d3b9c904125ab788"},
    {file = "pandas-1.1.5-cp37-cp37m-win32.whl", hash = "sha256:21b5a2b033380adbdd36b3116faaf9a4663e375325831dac1b519a44f9e439bb"},
    {file = "pandas-1.1.5-cp37-cp37m-win_amd64.whl", hash = "sha256:24c7f8d4aee71bfa6401faeba367dd654f696a77151a8a28bc2013f7ced4af98"},
    {file = "pandas-1.1.5-cp38-cp38-macosx_10_9_x86_64.whl", hash = "sha256:2860a97cbb25444ffc0088b457da0a79dc79f9c601238a3e0644312fcc14bf11"},
    {file = "pandas-1.1.5-cp38-cp38-manylinux1_i686.whl", hash = "sha256:5008374ebb990dad9ed48b0f5d0038124c73748f5384cc8c46904dace27082d9"},
    {file = "pandas-1.1.5-cp38-cp38-manylinux1_x86_64.whl", hash = "sha256:2c2f7c670ea4e60318e4b7e474d56447cf0c7d83b3c2a5405a0dbb2600b9c48e"},
    {file = "pandas-1.1.5-cp38-cp38-manylinux2014_aarch64.whl", hash = "sha256:0a643bae4283a37732ddfcecab3f62dd082996021b980f580903f4e8e01b3c5b"},
    {file = "pandas-1.1.5-cp38-cp38-win32.whl", hash = "sha256:5447ea7af4005b0daf695a316a423b96374c9c73ffbd4533209c5ddc369e644b"},
    {file = "pandas-1.1.5-cp38-cp38-win_amd64.whl", hash = "sha256:4c62e94d5d49db116bef1bd5c2486723a292d79409fc9abd51adf9e05329101d"},
    {file = "pandas-1.1.5-cp39-cp39-macosx_10_9_x86_64.whl", hash = "sha256:731568be71fba1e13cae212c362f3d2ca8932e83cb1b85e3f1b4dd77d019254a"},
    {file = "pandas-1.1.5-cp39-cp39-manylinux1_i686.whl", hash = "sha256:c61c043aafb69329d0f961b19faa30b1dab709dd34c9388143fc55680059e55a"},
    {file = "pandas-1.1.5-cp39-cp39-manylinux1_x86_64.whl", hash = "sha256:2b1c6cd28a0dfda75c7b5957363333f01d370936e4c6276b7b8e696dd500582a"},
    {file = "pandas-1.1.5-cp39-cp39-win32.whl", hash = "sha256:c94ff2780a1fd89f190390130d6d36173ca59fcfb3fe0ff596f9a56518191ccb"},
    {file = "pandas-1.1.5-cp39-cp39-win_amd64.whl", hash = "sha256:edda9bacc3843dfbeebaf7a701763e68e741b08fccb889c003b0a52f0ee95782"},
    {file = "pandas-1.1.5.tar.gz", hash = "sha256:f10fc41ee3c75a474d3bdf68d396f10782d013d7f67db99c0efbfd0acb99701b"},
]
pluggy = [
    {file = "pluggy-0.13.1-py2.py3-none-any.whl", hash = "sha256:966c145cd83c96502c3c3868f50408687b38434af77734af1e9ca461a4081d2d"},
    {file = "pluggy-0.13.1.tar.gz", hash = "sha256:15b2acde666561e1298d71b523007ed7364de07029219b604cf808bfa1c765b0"},
]
py = [
    {file = "py-1.10.0-py2.py3-none-any.whl", hash = "sha256:3b80836aa6d1feeaa108e046da6423ab8f6ceda6468545ae8d02d9d58d18818a"},
    {file = "py-1.10.0.tar.gz", hash = "sha256:21b81bda15b66ef5e1a777a21c4dcd9c20ad3efd0b3f817e7a809035269e1bd3"},
]
pymysql = [
    {file = "PyMySQL-0.10.1-py2.py3-none-any.whl", hash = "sha256:44f47128dda8676e021c8d2dbb49a82be9e4ab158b9f03e897152a3a287c69ea"},
    {file = "PyMySQL-0.10.1.tar.gz", hash = "sha256:263040d2779a3b84930f7ac9da5132be0fefcd6f453a885756656103f8ee1fdd"},
]
pyparsing = [
    {file = "pyparsing-2.4.7-py2.py3-none-any.whl", hash = "sha256:ef9d7589ef3c200abe66653d3f1ab1033c3c419ae9b9bdb1240a85b024efc88b"},
    {file = "pyparsing-2.4.7.tar.gz", hash = "sha256:c203ec8783bf771a155b207279b9bccb8dea02d8f0c9e5f8ead507bc3246ecc1"},
]
pytest = [
    {file = "pytest-5.4.3-py3-none-any.whl", hash = "sha256:5c0db86b698e8f170ba4582a492248919255fcd4c79b1ee64ace34301fb589a1"},
    {file = "pytest-5.4.3.tar.gz", hash = "sha256:7979331bfcba207414f5e1263b5a0f8f521d0f457318836a7355531ed1a4c7d8"},
]
python-dateutil = [
    {file = "python-dateutil-2.8.1.tar.gz", hash = "sha256:73ebfe9dbf22e832286dafa60473e4cd239f8592f699aa5adaf10050e6e1823c"},
    {file = "python_dateutil-2.8.1-py2.py3-none-any.whl", hash = "sha256:75bb3f31ea686f1197762692a9ee6a7550b59fc6ca3a1f4b5d7e32fb98e2da2a"},
]
pytz = [
    {file = "pytz-2020.4-py2.py3-none-any.whl", hash = "sha256:5c55e189b682d420be27c6995ba6edce0c0a77dd67bfbe2ae6607134d5851ffd"},
    {file = "pytz-2020.4.tar.gz", hash = "sha256:3e6b7dd2d1e0a59084bcee14a17af60c5c562cdc16d828e8eba2e683d3a7e268"},
]
pyyaml = [
    {file = "PyYAML-5.3.1-cp27-cp27m-win32.whl", hash = "sha256:74809a57b329d6cc0fdccee6318f44b9b8649961fa73144a98735b0aaf029f1f"},
    {file = "PyYAML-5.3.1-cp27-cp27m-win_amd64.whl", hash = "sha256:240097ff019d7c70a4922b6869d8a86407758333f02203e0fc6ff79c5dcede76"},
    {file = "PyYAML-5.3.1-cp35-cp35m-win32.whl", hash = "sha256:4f4b913ca1a7319b33cfb1369e91e50354d6f07a135f3b901aca02aa95940bd2"},
    {file = "PyYAML-5.3.1-cp35-cp35m-win_amd64.whl", hash = "sha256:cc8955cfbfc7a115fa81d85284ee61147059a753344bc51098f3ccd69b0d7e0c"},
    {file = "PyYAML-5.3.1-cp36-cp36m-win32.whl", hash = "sha256:7739fc0fa8205b3ee8808aea45e968bc90082c10aef6ea95e855e10abf4a37b2"},
    {file = "PyYAML-5.3.1-cp36-cp36m-win_amd64.whl", hash = "sha256:69f00dca373f240f842b2931fb2c7e14ddbacd1397d57157a9b005a6a9942648"},
    {file = "PyYAML-5.3.1-cp37-cp37m-win32.whl", hash = "sha256:d13155f591e6fcc1ec3b30685d50bf0711574e2c0dfffd7644babf8b5102ca1a"},
    {file = "PyYAML-5.3.1-cp37-cp37m-win_amd64.whl", hash = "sha256:73f099454b799e05e5ab51423c7bcf361c58d3206fa7b0d555426b1f4d9a3eaf"},
    {file = "PyYAML-5.3.1-cp38-cp38-win32.whl", hash = "sha256:06a0d7ba600ce0b2d2fe2e78453a470b5a6e000a985dd4a4e54e436cc36b0e97"},
    {file = "PyYAML-5.3.1-cp38-cp38-win_amd64.whl", hash = "sha256:95f71d2af0ff4227885f7a6605c37fd53d3a106fcab511b8860ecca9fcf400ee"},
    {file = "PyYAML-5.3.1.tar.gz", hash = "sha256:b8eac752c5e14d3eca0e6dd9199cd627518cb5ec06add0de9d32baeee6fe645d"},
]
requests = [
    {file = "requests-2.25.1-py2.py3-none-any.whl", hash = "sha256:c210084e36a42ae6b9219e00e48287def368a26d03a048ddad7bfee44f75871e"},
    {file = "requests-2.25.1.tar.gz", hash = "sha256:27973dd4a904a4f13b263a19c866c13b92a39ed1c964655f025f3f8d3d75b804"},
]
six = [
    {file = "six-1.15.0-py2.py3-none-any.whl", hash = "sha256:8b74bedcbbbaca38ff6d7491d76f2b06b3592611af620f8426e82dddb04a5ced"},
    {file = "six-1.15.0.tar.gz", hash = "sha256:30639c035cdb23534cd4aa2dd52c3bf48f06e5f4a941509c8bafd8ce11080259"},
]
sqlalchemy = [
    {file = "SQLAlchemy-1.3.22-cp27-cp27m-macosx_10_14_x86_64.whl", hash = "sha256:61628715931f4962e0cdb2a7c87ff39eea320d2aa96bd471a3c293d146f90394"},
    {file = "SQLAlchemy-1.3.22-cp27-cp27m-manylinux1_x86_64.whl", hash = "sha256:81d8d099a49f83111cce55ec03cc87eef45eec0d90f9842b4fc674f860b857b0"},
    {file = "SQLAlchemy-1.3.22-cp27-cp27m-manylinux2010_x86_64.whl", hash = "sha256:d055ff750fcab69ca4e57b656d9c6ad33682e9b8d564f2fbe667ab95c63591b0"},
    {file = "SQLAlchemy-1.3.22-cp27-cp27m-win32.whl", hash = "sha256:9bf572e4f5aa23f88dd902f10bb103cb5979022a38eec684bfa6d61851173fec"},
    {file = "SQLAlchemy-1.3.22-cp27-cp27m-win_amd64.whl", hash = "sha256:7d4b8de6bb0bc736161cb0bbd95366b11b3eb24dd6b814a143d8375e75af9990"},
    {file = "SQLAlchemy-1.3.22-cp27-cp27mu-manylinux1_x86_64.whl", hash = "sha256:4a84c7c7658dd22a33dab2e2aa2d17c18cb004a42388246f2e87cb4085ef2811"},
    {file = "SQLAlchemy-1.3.22-cp27-cp27mu-manylinux2010_x86_64.whl", hash = "sha256:f1e88b30da8163215eab643962ae9d9252e47b4ea53404f2c4f10f24e70ddc62"},
    {file = "SQLAlchemy-1.3.22-cp35-cp35m-macosx_10_14_x86_64.whl", hash = "sha256:f115150cc4361dd46153302a640c7fa1804ac207f9cc356228248e351a8b4676"},
    {file = "SQLAlchemy-1.3.22-cp35-cp35m-manylinux1_x86_64.whl", hash = "sha256:6aaa13ee40c4552d5f3a59f543f0db6e31712cc4009ec7385407be4627259d41"},
    {file = "SQLAlchemy-1.3.22-cp35-cp35m-manylinux2010_x86_64.whl", hash = "sha256:3ab5b44a07b8c562c6dcb7433c6a6c6e03266d19d64f87b3333eda34e3b9936b"},
    {file = "SQLAlchemy-1.3.22-cp35-cp35m-manylinux2014_aarch64.whl", hash = "sha256:426ece890153ccc52cc5151a1a0ed540a5a7825414139bb4c95a868d8da54a52"},
    {file = "SQLAlchemy-1.3.22-cp35-cp35m-win32.whl", hash = "sha256:bd4b1af45fd322dcd1fb2a9195b4f93f570d1a5902a842e3e6051385fac88f9c"},
    {file = "SQLAlchemy-1.3.22-cp35-cp35m-win_amd64.whl", hash = "sha256:62285607a5264d1f91590abd874d6a498e229d5840669bd7d9f654cfaa599bd0"},
    {file = "SQLAlchemy-1.3.22-cp36-cp36m-macosx_10_14_x86_64.whl", hash = "sha256:314f5042c0b047438e19401d5f29757a511cfc2f0c40d28047ca0e4c95eabb5b"},
    {file = "SQLAlchemy-1.3.22-cp36-cp36m-manylinux1_x86_64.whl", hash = "sha256:62fb881ba51dbacba9af9b779211cf9acff3442d4f2993142015b22b3cd1f92a"},
    {file = "SQLAlchemy-1.3.22-cp36-cp36m-manylinux2010_x86_64.whl", hash = "sha256:bde677047305fe76c7ee3e4492b545e0018918e44141cc154fe39e124e433991"},
    {file = "SQLAlchemy-1.3.22-cp36-cp36m-manylinux2014_aarch64.whl", hash = "sha256:0c6406a78a714a540d980a680b86654feadb81c8d0eecb59f3d6c554a4c69f19"},
    {file = "SQLAlchemy-1.3.22-cp36-cp36m-win32.whl", hash = "sha256:95bde07d19c146d608bccb9b16e144ec8f139bcfe7fd72331858698a71c9b4f5"},
    {file = "SQLAlchemy-1.3.22-cp36-cp36m-win_amd64.whl", hash = "sha256:888d5b4b5aeed0d3449de93ea80173653e939e916cc95fe8527079e50235c1d2"},
    {file = "SQLAlchemy-1.3.22-cp37-cp37m-macosx_10_14_x86_64.whl", hash = "sha256:d53f59744b01f1440a1b0973ed2c3a7de204135c593299ee997828aad5191693"},
    {file = "SQLAlchemy-1.3.22-cp37-cp37m-manylinux1_x86_64.whl", hash = "sha256:70121f0ae48b25ef3e56e477b88cd0b0af0e1f3a53b5554071aa6a93ef378a03"},
    {file = "SQLAlchemy-1.3.22-cp37-cp37m-manylinux2010_x86_64.whl", hash = "sha256:54da615e5b92c339e339fe8536cce99fe823b6ed505d4ea344852aefa1c205fb"},
    {file = "SQLAlchemy-1.3.22-cp37-cp37m-manylinux2014_aarch64.whl", hash = "sha256:68428818cf80c60dc04aa0f38da20ad39b28aba4d4d199f949e7d6e04444ea86"},
    {file = "SQLAlchemy-1.3.22-cp37-cp37m-win32.whl", hash = "sha256:17610d573e698bf395afbbff946544fbce7c5f4ee77b5bcb1f821b36345fae7a"},
    {file = "SQLAlchemy-1.3.22-cp37-cp37m-win_amd64.whl", hash = "sha256:216ba5b4299c95ed179b58f298bda885a476b16288ab7243e89f29f6aeced7e0"},
    {file = "SQLAlchemy-1.3.22-cp38-cp38-macosx_10_14_x86_64.whl", hash = "sha256:0c72b90988be749e04eff0342dcc98c18a14461eb4b2ad59d611b57b31120f90"},
    {file = "SQLAlchemy-1.3.22-cp38-cp38-manylinux1_x86_64.whl", hash = "sha256:491fe48adc07d13e020a8b07ef82eefc227003a046809c121bea81d3dbf1832d"},
    {file = "SQLAlchemy-1.3.22-cp38-cp38-manylinux2010_x86_64.whl", hash = "sha256:f8191fef303025879e6c3548ecd8a95aafc0728c764ab72ec51a0bdf0c91a341"},
    {file = "SQLAlchemy-1.3.22-cp38-cp38-manylinux2014_aarch64.whl", hash = "sha256:108580808803c7732f34798eb4a329d45b04c562ed83ee90f09f6a184a42b766"},
    {file = "SQLAlchemy-1.3.22-cp38-cp38-win32.whl", hash = "sha256:bab5a1e15b9466a25c96cda19139f3beb3e669794373b9ce28c4cf158c6e841d"},
    {file = "SQLAlchemy-1.3.22-cp38-cp38-win_amd64.whl", hash = "sha256:318b5b727e00662e5fc4b4cd2bf58a5116d7c1b4dd56ffaa7d68f43458a8d1ed"},
    {file = "SQLAlchemy-1.3.22-cp39-cp39-macosx_10_14_x86_64.whl", hash = "sha256:1418f5e71d6081aa1095a1d6b567a562d2761996710bdce9b6e6ba20a03d0864"},
    {file = "SQLAlchemy-1.3.22-cp39-cp39-manylinux1_x86_64.whl", hash = "sha256:5a7f224cdb7233182cec2a45d4c633951268d6a9bcedac37abbf79dd07012aea"},
    {file = "SQLAlchemy-1.3.22-cp39-cp39-manylinux2010_x86_64.whl", hash = "sha256:715b34578cc740b743361f7c3e5f584b04b0f1344f45afc4e87fbac4802eb0a0"},
    {file = "SQLAlchemy-1.3.22-cp39-cp39-manylinux2014_aarch64.whl", hash = "sha256:2ff132a379838b1abf83c065be54cef32b47c987aedd06b82fc76476c85225eb"},
    {file = "SQLAlchemy-1.3.22-cp39-cp39-win32.whl", hash = "sha256:c389d7cc2b821853fb018c85457da3e7941db64f4387720a329bc7ff06a27963"},
    {file = "SQLAlchemy-1.3.22-cp39-cp39-win_amd64.whl", hash = "sha256:04f995fcbf54e46cddeb4f75ce9dfc17075d6ae04ac23b2bacb44b3bc6f6bf11"},
    {file = "SQLAlchemy-1.3.22.tar.gz", hash = "sha256:758fc8c4d6c0336e617f9f6919f9daea3ab6bb9b07005eda9a1a682e24a6cacc"},
]
text-unidecode = [
    {file = "text-unidecode-1.3.tar.gz", hash = "sha256:bad6603bb14d279193107714b288be206cac565dfa49aa5b105294dd5c4aab93"},
    {file = "text_unidecode-1.3-py2.py3-none-any.whl", hash = "sha256:1311f10e8b895935241623731c2ba64f4c455287888b18189350b67134a822e8"},
]
texttable = [
    {file = "texttable-1.6.3-py2.py3-none-any.whl", hash = "sha256:f802f2ef8459058736264210f716c757cbf85007a30886d8541aa8c3404f1dda"},
    {file = "texttable-1.6.3.tar.gz", hash = "sha256:ce0faf21aa77d806bbff22b107cc22cce68dc9438f97a2df32c93e9afa4ce436"},
]
typing-extensions = [
    {file = "typing_extensions-3.7.4.3-py2-none-any.whl", hash = "sha256:dafc7639cde7f1b6e1acc0f457842a83e722ccca8eef5270af2d74792619a89f"},
    {file = "typing_extensions-3.7.4.3-py3-none-any.whl", hash = "sha256:7cb407020f00f7bfc3cb3e7881628838e69d8f3fcab2f64742a5e76b2f841918"},
    {file = "typing_extensions-3.7.4.3.tar.gz", hash = "sha256:99d4073b617d30288f569d3f13d2bd7548c3a7e4c8de87db09a9d29bb3a4a60c"},
]
urllib3 = [
    {file = "urllib3-1.26.2-py2.py3-none-any.whl", hash = "sha256:d8ff90d979214d7b4f8ce956e80f4028fc6860e4431f731ea4a8c08f23f99473"},
    {file = "urllib3-1.26.2.tar.gz", hash = "sha256:19188f96923873c92ccb987120ec4acaa12f0461fa9ce5d3d0772bc965a39e08"},
]
wcwidth = [
    {file = "wcwidth-0.2.5-py2.py3-none-any.whl", hash = "sha256:beb4802a9cebb9144e99086eff703a642a13d6a0052920003a230f3294bbe784"},
    {file = "wcwidth-0.2.5.tar.gz", hash = "sha256:c4d647b99872929fdb7bdcaa4fbe7f01413ed3d98077df798530e5b04f116c83"},
]
wget = [
    {file = "wget-3.2.zip", hash = "sha256:35e630eca2aa50ce998b9b1a127bb26b30dfee573702782aa982f875e3f16061"},
]
win32-setctime = [
    {file = "win32_setctime-1.0.3-py3-none-any.whl", hash = "sha256:dc925662de0a6eb987f0b01f599c01a8236cb8c62831c22d9cada09ad958243e"},
    {file = "win32_setctime-1.0.3.tar.gz", hash = "sha256:4e88556c32fdf47f64165a2180ba4552f8bb32c1103a2fafd05723a0bd42bd4b"},
]
zipp = [
    {file = "zipp-3.4.0-py3-none-any.whl", hash = "sha256:102c24ef8f171fd729d46599845e95c7ab894a4cf45f5de11a44cc7444fb1108"},
    {file = "zipp-3.4.0.tar.gz", hash = "sha256:ed5eee1974372595f9e416cc7bbeeb12335201d8081ca8a0743c954d4446e5cb"},
]
